
Microsoft Visual Studio Solution File, Format Version 12.00
# Visual Studio Version 17
VisualStudioVersion = 17.3.32929.385
MinimumVisualStudioVersion = 10.0.40219.1
Project("{9A19103F-16F7-4668-BE54-9A1E7A4F7556}") = "OpenVMSys-Core", "OpenVMSys-Core.csproj", "{4ADA8783-996B-46F6-A2D0-2BBAA21EA262}"
EndProject
Global
	GlobalSection(SolutionConfigurationPlatforms) = preSolution
		Debug|Any CPU = Debug|Any CPU
		Debug|ARM64 = Debug|ARM64
		Release|Any CPU = Release|Any CPU
		Release|ARM64 = Release|ARM64
		Release-ARM|Any CPU = Release-ARM|Any CPU
		Release-ARM|ARM64 = Release-ARM|ARM64
	EndGlobalSection
	GlobalSection(ProjectConfigurationPlatforms) = postSolution
		{4ADA8783-996B-46F6-A2D0-2BBAA21EA262}.Debug|Any CPU.ActiveCfg = Release|Any CPU
		{4ADA8783-996B-46F6-A2D0-2BBAA21EA262}.Debug|Any CPU.Build.0 = Release|Any CPU
		{4ADA8783-996B-46F6-A2D0-2BBAA21EA262}.Debug|ARM64.ActiveCfg = Debug|ARM64
		{4ADA8783-996B-46F6-A2D0-2BBAA21EA262}.Debug|ARM64.Build.0 = Debug|ARM64
		{4ADA8783-996B-46F6-A2D0-2BBAA21EA262}.Release|Any CPU.ActiveCfg = Release|Any CPU
		{4ADA8783-996B-46F6-A2D0-2BBAA21EA262}.Release|Any CPU.Build.0 = Release|Any CPU
		{4ADA8783-996B-46F6-A2D0-2BBAA21EA262}.Release|ARM64.ActiveCfg = Release|ARM64
		{4ADA8783-996B-46F6-A2D0-2BBAA21EA262}.Release|ARM64.Build.0 = Release|ARM64
		{4ADA8783-996B-46F6-A2D0-2BBAA21EA262}.Release-ARM|Any CPU.ActiveCfg = Release-ARM|Any CPU
		{4ADA8783-996B-46F6-A2D0-2BBAA21EA262}.Release-ARM|Any CPU.Build.0 = Release-ARM|Any CPU
		{4ADA8783-996B-46F6-A2D0-2BBAA21EA262}.Release-ARM|ARM64.ActiveCfg = Release-ARM|ARM64
		{4ADA8783-996B-46F6-A2D0-2BBAA21EA262}.Release-ARM|ARM64.Build.0 = Release-ARM|ARM64
	EndGlobalSection
	GlobalSection(SolutionProperties) = preSolution
		HideSolutionNode = FALSE
	EndGlobalSection
	GlobalSection(ExtensibilityGlobals) = postSolution
		SolutionGuid = {22B2D0A5-F21E-47BC-AAD2-CE31B6203D84}
	EndGlobalSection
EndGlobal
